
Microsoft Visual Studio Solution File, Format Version 11.00
# Visual C# Express 2010
Project("{FAE04EC0-301F-11D3-BF4B-00C04F79EFBC}") = "WindowsGame1", "WindowsGame1\WindowsGame1\WindowsGame1.csproj", "{475AC6A2-3953-46DB-98B3-3BB39FE4CD54}"
EndProject
Project("{96E2B04D-8817-42C6-938A-82C39BA4D311}") = "WindowsGame1Content", "WindowsGame1\WindowsGame1Content\WindowsGame1Content.contentproj", "{BBC38FAA-D7A2-40CE-89BC-C277AB614945}"
EndProject
Global
	GlobalSection(SolutionConfigurationPlatforms) = preSolution
		Debug|x86 = Debug|x86
		Release|x86 = Release|x86
	EndGlobalSection
	GlobalSection(ProjectConfigurationPlatforms) = postSolution
		{475AC6A2-3953-46DB-98B3-3BB39FE4CD54}.Debug|x86.ActiveCfg = Debug|x86
		{475AC6A2-3953-46DB-98B3-3BB39FE4CD54}.Debug|x86.Build.0 = Debug|x86
		{475AC6A2-3953-46DB-98B3-3BB39FE4CD54}.Release|x86.ActiveCfg = Release|x86
		{475AC6A2-3953-46DB-98B3-3BB39FE4CD54}.Release|x86.Build.0 = Release|x86
		{BBC38FAA-D7A2-40CE-89BC-C277AB614945}.Debug|x86.ActiveCfg = Debug|x86
		{BBC38FAA-D7A2-40CE-89BC-C277AB614945}.Release|x86.ActiveCfg = Release|x86
	EndGlobalSection
	GlobalSection(SolutionProperties) = preSolution
		HideSolutionNode = FALSE
	EndGlobalSection
EndGlobal
